Microsoft Visual Studio Solution File, Format Version 12.00
# Visual Studio Version 17
VisualStudioVersion = 17.5.2.0
MinimumVisualStudioVersion = 10.0.40219.1
Project("{FAE04EC0-301F-11D3-BF4B-00C04F79EFBC}") = "FridgeMate.Web", "FridgeMate.Web.csproj", "{C8F35AC3-708A-7D74-2BD8-E1BD533236A0}"
EndProject
Global
	GlobalSection(SolutionConfigurationPlatforms) = preSolution
		Debug|Any CPU = Debug|Any CPU
		Release|Any CPU = Release|Any CPU
	EndGlobalSection
	GlobalSection(ProjectConfigurationPlatforms) = postSolution
		{C8F35AC3-708A-7D74-2BD8-E1BD533236A0}.Debug|Any CPU.ActiveCfg = Debug|Any CPU
		{C8F35AC3-708A-7D74-2BD8-E1BD533236A0}.Debug|Any CPU.Build.0 = Debug|Any CPU
		{C8F35AC3-708A-7D74-2BD8-E1BD533236A0}.Release|Any CPU.ActiveCfg = Release|Any CPU
		{C8F35AC3-708A-7D74-2BD8-E1BD533236A0}.Release|Any CPU.Build.0 = Release|Any CPU
	EndGlobalSection
	GlobalSection(SolutionProperties) = preSolution
		HideSolutionNode = FALSE
	EndGlobalSection
	GlobalSection(ExtensibilityGlobals) = postSolution
		SolutionGuid = {8D178A92-FFDB-4D43-A7FD-908F9DDAB404}
	EndGlobalSection
EndGlobal
